
Microsoft Visual Studio Solution File, Format Version 12.00
# Visual Studio 15
VisualStudioVersion = 15.0.27428.2015
MinimumVisualStudioVersion = 10.0.40219.1
Project("{9A19103F-16F7-4668-BE54-9A1E7A4F7556}") = "AspNet.Core.SharePoint.Addin.Authentication", "AspNet.Core.SharePoint.Addin.Authentication.csproj", "{743126B6-30A6-4524-9A84-2E5A6D64CA57}"
EndProject
Global
	GlobalSection(SolutionConfigurationPlatforms) = preSolution
		Debug|Any CPU = Debug|Any CPU
		Release|Any CPU = Release|Any CPU
	EndGlobalSection
	GlobalSection(ProjectConfigurationPlatforms) = postSolution
		{743126B6-30A6-4524-9A84-2E5A6D64CA57}.Debug|Any CPU.ActiveCfg = Debug|Any CPU
		{743126B6-30A6-4524-9A84-2E5A6D64CA57}.Debug|Any CPU.Build.0 = Debug|Any CPU
		{743126B6-30A6-4524-9A84-2E5A6D64CA57}.Release|Any CPU.ActiveCfg = Release|Any CPU
		{743126B6-30A6-4524-9A84-2E5A6D64CA57}.Release|Any CPU.Build.0 = Release|Any CPU
	EndGlobalSection
	GlobalSection(SolutionProperties) = preSolution
		HideSolutionNode = FALSE
	EndGlobalSection
	GlobalSection(ExtensibilityGlobals) = postSolution
		SolutionGuid = {9A49763B-0A15-4062-BCA1-929695457DC7}
	EndGlobalSection
EndGlobal
