
Microsoft Visual Studio Solution File, Format Version 12.00
# Visual Studio 14
VisualStudioVersion = 14.0.25420.1
MinimumVisualStudioVersion = 10.0.40219.1
Project("{FAE04EC0-301F-11D3-BF4B-00C04F79EFBC}") = "SPAddinOwin.Data", "Data\SPAddinOwin.Data\SPAddinOwin.Data.csproj", "{E32F6664-65E9-4635-9EE7-0657E1311AA6}"
EndProject
Project("{FAE04EC0-301F-11D3-BF4B-00C04F79EFBC}") = "SPAddinOwin.SharePoint.UrlPath", "SharePoint\SPAddinOwin.SharePoint.UrlPath\SPAddinOwin.SharePoint.UrlPath.csproj", "{D79A074C-1EAB-443B-9EC3-44BF1C731F20}"
EndProject
Project("{FAE04EC0-301F-11D3-BF4B-00C04F79EFBC}") = "SPAddinOwin.Sample.QueryString", "Web\SPAddinOwin.Sample.QueryString\SPAddinOwin.Sample.QueryString.csproj", "{AAD94C84-4636-4BDA-8769-F1416C1C7C89}"
EndProject
Project("{FAE04EC0-301F-11D3-BF4B-00C04F79EFBC}") = "SPAddinOwin.SharePoint.QueryString", "SharePoint\SPAddinOwin.SharePoint.QueryString\SPAddinOwin.SharePoint.QueryString.csproj", "{7D1E8D22-949D-4C55-8510-0A8E554DD25C}"
EndProject
Project("{2150E333-8FDC-42A3-9474-1A3956D46DE8}") = "Web", "Web", "{B78244A3-30A1-4568-B280-8B6752BDA4D4}"
EndProject
Project("{2150E333-8FDC-42A3-9474-1A3956D46DE8}") = "SharePoint", "SharePoint", "{4706BD16-9EC5-4E91-81F9-020F1879990A}"
EndProject
Project("{2150E333-8FDC-42A3-9474-1A3956D46DE8}") = "Data", "Data", "{F7234F5C-AB31-42E5-9291-D47C49A94A33}"
EndProject
Project("{FAE04EC0-301F-11D3-BF4B-00C04F79EFBC}") = "SPAddinOwin.Sample.UrlPath", "Web\SPAddinOwin.Sample.UrlPath\SPAddinOwin.Sample.UrlPath.csproj", "{A433D1D9-818B-43C5-B35E-D11E65223575}"
EndProject
Global
	GlobalSection(SolutionConfigurationPlatforms) = preSolution
		Debug|Any CPU = Debug|Any CPU
		Release|Any CPU = Release|Any CPU
		SP.Online|Any CPU = SP.Online|Any CPU
		SP.Onprem.IIS|Any CPU = SP.Onprem.IIS|Any CPU
		SP.Onprem.IISExpress|Any CPU = SP.Onprem.IISExpress|Any CPU
	EndGlobalSection
	GlobalSection(ProjectConfigurationPlatforms) = postSolution
		{E32F6664-65E9-4635-9EE7-0657E1311AA6}.Debug|Any CPU.ActiveCfg = Debug|Any CPU
		{E32F6664-65E9-4635-9EE7-0657E1311AA6}.Debug|Any CPU.Build.0 = Debug|Any CPU
		{E32F6664-65E9-4635-9EE7-0657E1311AA6}.Release|Any CPU.ActiveCfg = Release|Any CPU
		{E32F6664-65E9-4635-9EE7-0657E1311AA6}.Release|Any CPU.Build.0 = Release|Any CPU
		{E32F6664-65E9-4635-9EE7-0657E1311AA6}.SP.Online|Any CPU.ActiveCfg = Debug|Any CPU
		{E32F6664-65E9-4635-9EE7-0657E1311AA6}.SP.Online|Any CPU.Build.0 = Debug|Any CPU
		{E32F6664-65E9-4635-9EE7-0657E1311AA6}.SP.Onprem.IIS|Any CPU.ActiveCfg = Debug|Any CPU
		{E32F6664-65E9-4635-9EE7-0657E1311AA6}.SP.Onprem.IIS|Any CPU.Build.0 = Debug|Any CPU
		{E32F6664-65E9-4635-9EE7-0657E1311AA6}.SP.Onprem.IISExpress|Any CPU.ActiveCfg = Debug|Any CPU
		{E32F6664-65E9-4635-9EE7-0657E1311AA6}.SP.Onprem.IISExpress|Any CPU.Build.0 = Debug|Any CPU
		{D79A074C-1EAB-443B-9EC3-44BF1C731F20}.Debug|Any CPU.ActiveCfg = Debug|Any CPU
		{D79A074C-1EAB-443B-9EC3-44BF1C731F20}.Debug|Any CPU.Build.0 = Debug|Any CPU
		{D79A074C-1EAB-443B-9EC3-44BF1C731F20}.Debug|Any CPU.Deploy.0 = Debug|Any CPU
		{D79A074C-1EAB-443B-9EC3-44BF1C731F20}.Release|Any CPU.ActiveCfg = Release|Any CPU
		{D79A074C-1EAB-443B-9EC3-44BF1C731F20}.Release|Any CPU.Build.0 = Release|Any CPU
		{D79A074C-1EAB-443B-9EC3-44BF1C731F20}.Release|Any CPU.Deploy.0 = Release|Any CPU
		{D79A074C-1EAB-443B-9EC3-44BF1C731F20}.SP.Online|Any CPU.ActiveCfg = Debug|Any CPU
		{D79A074C-1EAB-443B-9EC3-44BF1C731F20}.SP.Online|Any CPU.Build.0 = Debug|Any CPU
		{D79A074C-1EAB-443B-9EC3-44BF1C731F20}.SP.Online|Any CPU.Deploy.0 = Debug|Any CPU
		{D79A074C-1EAB-443B-9EC3-44BF1C731F20}.SP.Onprem.IIS|Any CPU.ActiveCfg = Debug|Any CPU
		{D79A074C-1EAB-443B-9EC3-44BF1C731F20}.SP.Onprem.IIS|Any CPU.Build.0 = Debug|Any CPU
		{D79A074C-1EAB-443B-9EC3-44BF1C731F20}.SP.Onprem.IIS|Any CPU.Deploy.0 = Debug|Any CPU
		{D79A074C-1EAB-443B-9EC3-44BF1C731F20}.SP.Onprem.IISExpress|Any CPU.ActiveCfg = Debug|Any CPU
		{D79A074C-1EAB-443B-9EC3-44BF1C731F20}.SP.Onprem.IISExpress|Any CPU.Build.0 = Debug|Any CPU
		{D79A074C-1EAB-443B-9EC3-44BF1C731F20}.SP.Onprem.IISExpress|Any CPU.Deploy.0 = Debug|Any CPU
		{AAD94C84-4636-4BDA-8769-F1416C1C7C89}.Debug|Any CPU.ActiveCfg = Debug|Any CPU
		{AAD94C84-4636-4BDA-8769-F1416C1C7C89}.Debug|Any CPU.Build.0 = Debug|Any CPU
		{AAD94C84-4636-4BDA-8769-F1416C1C7C89}.Release|Any CPU.ActiveCfg = Release|Any CPU
		{AAD94C84-4636-4BDA-8769-F1416C1C7C89}.Release|Any CPU.Build.0 = Release|Any CPU
		{AAD94C84-4636-4BDA-8769-F1416C1C7C89}.SP.Online|Any CPU.ActiveCfg = SP.Online|Any CPU
		{AAD94C84-4636-4BDA-8769-F1416C1C7C89}.SP.Online|Any CPU.Build.0 = SP.Online|Any CPU
		{AAD94C84-4636-4BDA-8769-F1416C1C7C89}.SP.Onprem.IIS|Any CPU.ActiveCfg = SP.Onprem.IIS|Any CPU
		{AAD94C84-4636-4BDA-8769-F1416C1C7C89}.SP.Onprem.IIS|Any CPU.Build.0 = SP.Onprem.IIS|Any CPU
		{AAD94C84-4636-4BDA-8769-F1416C1C7C89}.SP.Onprem.IISExpress|Any CPU.ActiveCfg = SP.Onprem.IISExpress|Any CPU
		{AAD94C84-4636-4BDA-8769-F1416C1C7C89}.SP.Onprem.IISExpress|Any CPU.Build.0 = SP.Onprem.IISExpress|Any CPU
		{7D1E8D22-949D-4C55-8510-0A8E554DD25C}.Debug|Any CPU.ActiveCfg = Debug|Any CPU
		{7D1E8D22-949D-4C55-8510-0A8E554DD25C}.Debug|Any CPU.Build.0 = Debug|Any CPU
		{7D1E8D22-949D-4C55-8510-0A8E554DD25C}.Debug|Any CPU.Deploy.0 = Debug|Any CPU
		{7D1E8D22-949D-4C55-8510-0A8E554DD25C}.Release|Any CPU.ActiveCfg = Release|Any CPU
		{7D1E8D22-949D-4C55-8510-0A8E554DD25C}.Release|Any CPU.Build.0 = Release|Any CPU
		{7D1E8D22-949D-4C55-8510-0A8E554DD25C}.Release|Any CPU.Deploy.0 = Release|Any CPU
		{7D1E8D22-949D-4C55-8510-0A8E554DD25C}.SP.Online|Any CPU.ActiveCfg = Debug|Any CPU
		{7D1E8D22-949D-4C55-8510-0A8E554DD25C}.SP.Online|Any CPU.Build.0 = Debug|Any CPU
		{7D1E8D22-949D-4C55-8510-0A8E554DD25C}.SP.Online|Any CPU.Deploy.0 = Debug|Any CPU
		{7D1E8D22-949D-4C55-8510-0A8E554DD25C}.SP.Onprem.IIS|Any CPU.ActiveCfg = Debug|Any CPU
		{7D1E8D22-949D-4C55-8510-0A8E554DD25C}.SP.Onprem.IIS|Any CPU.Build.0 = Debug|Any CPU
		{7D1E8D22-949D-4C55-8510-0A8E554DD25C}.SP.Onprem.IIS|Any CPU.Deploy.0 = Debug|Any CPU
		{7D1E8D22-949D-4C55-8510-0A8E554DD25C}.SP.Onprem.IISExpress|Any CPU.ActiveCfg = Debug|Any CPU
		{7D1E8D22-949D-4C55-8510-0A8E554DD25C}.SP.Onprem.IISExpress|Any CPU.Build.0 = Debug|Any CPU
		{7D1E8D22-949D-4C55-8510-0A8E554DD25C}.SP.Onprem.IISExpress|Any CPU.Deploy.0 = Debug|Any CPU
		{A433D1D9-818B-43C5-B35E-D11E65223575}.Debug|Any CPU.ActiveCfg = Debug|Any CPU
		{A433D1D9-818B-43C5-B35E-D11E65223575}.Debug|Any CPU.Build.0 = Debug|Any CPU
		{A433D1D9-818B-43C5-B35E-D11E65223575}.Release|Any CPU.ActiveCfg = Release|Any CPU
		{A433D1D9-818B-43C5-B35E-D11E65223575}.Release|Any CPU.Build.0 = Release|Any CPU
		{A433D1D9-818B-43C5-B35E-D11E65223575}.SP.Online|Any CPU.ActiveCfg = SP.Online|Any CPU
		{A433D1D9-818B-43C5-B35E-D11E65223575}.SP.Online|Any CPU.Build.0 = SP.Online|Any CPU
		{A433D1D9-818B-43C5-B35E-D11E65223575}.SP.Onprem.IIS|Any CPU.ActiveCfg = SP.Onprem.IIS|Any CPU
		{A433D1D9-818B-43C5-B35E-D11E65223575}.SP.Onprem.IIS|Any CPU.Build.0 = SP.Onprem.IIS|Any CPU
		{A433D1D9-818B-43C5-B35E-D11E65223575}.SP.Onprem.IISExpress|Any CPU.ActiveCfg = SP.Onprem.IISExpress|Any CPU
		{A433D1D9-818B-43C5-B35E-D11E65223575}.SP.Onprem.IISExpress|Any CPU.Build.0 = SP.Onprem.IISExpress|Any CPU
	EndGlobalSection
	GlobalSection(SolutionProperties) = preSolution
		HideSolutionNode = FALSE
	EndGlobalSection
	GlobalSection(NestedProjects) = preSolution
		{E32F6664-65E9-4635-9EE7-0657E1311AA6} = {F7234F5C-AB31-42E5-9291-D47C49A94A33}
		{D79A074C-1EAB-443B-9EC3-44BF1C731F20} = {4706BD16-9EC5-4E91-81F9-020F1879990A}
		{AAD94C84-4636-4BDA-8769-F1416C1C7C89} = {B78244A3-30A1-4568-B280-8B6752BDA4D4}
		{7D1E8D22-949D-4C55-8510-0A8E554DD25C} = {4706BD16-9EC5-4E91-81F9-020F1879990A}
		{A433D1D9-818B-43C5-B35E-D11E65223575} = {B78244A3-30A1-4568-B280-8B6752BDA4D4}
	EndGlobalSection
EndGlobal
